// !$*UTF8*$!
{
	archiveVersion = 1;
	classes = {
	};
	objectVersion = 55;
	objects = {

/* Begin PBXBuildFile section */
		C499F65427E4472D00DB2F9B /* AppDelegate.swift in Sources */ = {isa = PBXBuildFile; fileRef = C499F65327E4472D00DB2F9B /* AppDelegate.swift */; };
		C499F65627E4472D00DB2F9B /* SceneDelegate.swift in Sources */ = {isa = PBXBuildFile; fileRef = C499F65527E4472D00DB2F9B /* SceneDelegate.swift */; };
		C499F65827E4472D00DB2F9B /* ViewController.swift in Sources */ = {isa = PBXBuildFile; fileRef = C499F65727E4472D00DB2F9B /* ViewController.swift */; };
		C499F65B27E4472D00DB2F9B /* Main.storyboard in Resources */ = {isa = PBXBuildFile; fileRef = C499F65927E4472D00DB2F9B /* Main.storyboard */; };
		C499F65D27E4472E00DB2F9B /* Assets.xcassets in Resources */ = {isa = PBXBuildFile; fileRef = C499F65C27E4472E00DB2F9B /* Assets.xcassets */; };
		C499F66027E4472E00DB2F9B /* LaunchScreen.storyboard in Resources */ = {isa = PBXBuildFile; fileRef = C499F65E27E4472E00DB2F9B /* LaunchScreen.storyboard */; };
		C499F66B27E4472E00DB2F9B /* EpicSchoolHomeworkTests.swift in Sources */ = {isa = PBXBuildFile; fileRef = C499F66A27E4472E00DB2F9B /* EpicSchoolHomeworkTests.swift */; };
		C499F67527E4472E00DB2F9B /* EpicSchoolHomeworkUITests.swift in Sources */ = {isa = PBXBuildFile; fileRef = C499F67427E4472E00DB2F9B /* EpicSchoolHomeworkUITests.swift */; };
		C499F67727E4472E00DB2F9B /* EpicSchoolHomeworkUITestsLaunchTests.swift in Sources */ = {isa = PBXBuildFile; fileRef = C499F67627E4472E00DB2F9B /* EpicSchoolHomeworkUITestsLaunchTests.swift */; };
/* End PBXBuildFile section */

/* Begin PBXContainerItemProxy section */
		C499F66727E4472E00DB2F9B /* PBXContainerItemProxy */ = {
			isa = PBXContainerItemProxy;
			containerPortal = C499F64827E4472D00DB2F9B /* Project object */;
			proxyType = 1;
			remoteGlobalIDString = C499F64F27E4472D00DB2F9B;
			remoteInfo = EpicSchoolHomework;
		};
		C499F67127E4472E00DB2F9B /* PBXContainerItemProxy */ = {
			isa = PBXContainerItemProxy;
			containerPortal = C499F64827E4472D00DB2F9B /* Project object */;
			proxyType = 1;
			remoteGlobalIDString = C499F64F27E4472D00DB2F9B;
			remoteInfo = EpicSchoolHomework;
		};
/* End PBXContainerItemProxy section */

/* Begin PBXFileReference section */
		C499F65027E4472D00DB2F9B /* EpicSchoolHomework.app */ = {isa = PBXFileReference; explicitFileType = wrapper.application; includeInIndex = 0; path = EpicSchoolHomework.app; sourceTree = BUILT_PRODUCTS_DIR; };
		C499F65327E4472D00DB2F9B /* AppDelegate.swift */ = {isa = PBXFileReference; lastKnownFileType = sourcecode.swift; path = AppDelegate.swift; sourceTree = "<group>"; };
		C499F65527E4472D00DB2F9B /* SceneDelegate.swift */ = {isa = PBXFileReference; lastKnownFileType = sourcecode.swift; path = SceneDelegate.swift; sourceTree = "<group>"; };
		C499F65727E4472D00DB2F9B /* ViewController.swift */ = {isa = PBXFileReference; lastKnownFileType = sourcecode.swift; path = ViewController.swift; sourceTree = "<group>"; };
		C499F65A27E4472D00DB2F9B /* Base */ = {isa = PBXFileReference; lastKnownFileType = file.storyboard; name = Base; path = Base.lproj/Main.storyboard; sourceTree = "<group>"; };
		C499F65C27E4472E00DB2F9B /* Assets.xcassets */ = {isa = PBXFileReference; lastKnownFileType = folder.assetcatalog; path = Assets.xcassets; sourceTree = "<group>"; };
		C499F65F27E4472E00DB2F9B /* Base */ = {isa = PBXFileReference; lastKnownFileType = file.storyboard; name = Base; path = Base.lproj/LaunchScreen.storyboard; sourceTree = "<group>"; };
		C499F66127E4472E00DB2F9B /* Info.plist */ = {isa = PBXFileReference; lastKnownFileType = text.plist.xml; path = Info.plist; sourceTree = "<group>"; };
		C499F66627E4472E00DB2F9B /* EpicSchoolHomeworkTests.xctest */ = {isa = PBXFileReference; explicitFileType = wrapper.cfbundle; includeInIndex = 0; path = EpicSchoolHomeworkTests.xctest; sourceTree = BUILT_PRODUCTS_DIR; };
		C499F66A27E4472E00DB2F9B /* EpicSchoolHomeworkTests.swift */ = {isa = PBXFileReference; lastKnownFileType = sourcecode.swift; path = EpicSchoolHomeworkTests.swift; sourceTree = "<group>"; };
		C499F67027E4472E00DB2F9B /* EpicSchoolHomeworkUITests.xctest */ = {isa = PBXFileReference; explicitFileType = wrapper.cfbundle; includeInIndex = 0; path = EpicSchoolHomeworkUITests.xctest; sourceTree = BUILT_PRODUCTS_DIR; };
		C499F67427E4472E00DB2F9B /* EpicSchoolHomeworkUITests.swift */ = {isa = PBXFileReference; lastKnownFileType = sourcecode.swift; path = EpicSchoolHomeworkUITests.swift; sourceTree = "<group>"; };
		C499F67627E4472E00DB2F9B /* EpicSchoolHomeworkUITestsLaunchTests.swift */ = {isa = PBXFileReference; lastKnownFileType = sourcecode.swift; path = EpicSchoolHomeworkUITestsLaunchTests.swift; sourceTree = "<group>"; };
/* End PBXFileReference section */

/* Begin PBXFrameworksBuildPhase section */
		C499F64D27E4472D00DB2F9B /* Frameworks */ = {
			isa = PBXFrameworksBuildPhase;
			buildActionMask = 2147483647;
			files = (
			);
			runOnlyForDeploymentPostprocessing = 0;
		};
		C499F66327E4472E00DB2F9B /* Frameworks */ = {
			isa = PBXFrameworksBuildPhase;
			buildActionMask = 2147483647;
			files = (
			);
			runOnlyForDeploymentPostprocessing = 0;
		};
		C499F66D27E4472E00DB2F9B /* Frameworks */ = {
			isa = PBXFrameworksBuildPhase;
			buildActionMask = 2147483647;
			files = (
			);
			runOnlyForDeploymentPostprocessing = 0;
		};
/* End PBXFrameworksBuildPhase section */

/* Begin PBXGroup section */
		C499F64727E4472D00DB2F9B = {
			isa = PBXGroup;
			children = (
				C499F65227E4472D00DB2F9B /* EpicSchoolHomework */,
				C499F66927E4472E00DB2F9B /* EpicSchoolHomeworkTests */,
				C499F67327E4472E00DB2F9B /* EpicSchoolHomeworkUITests */,
				C499F65127E4472D00DB2F9B /* Products */,
			);
			sourceTree = "<group>";
		};
		C499F65127E4472D00DB2F9B /* Products */ = {
			isa = PBXGroup;
			children = (
				C499F65027E4472D00DB2F9B /* EpicSchoolHomework.app */,
				C499F66627E4472E00DB2F9B /* EpicSchoolHomeworkTests.xctest */,
				C499F67027E4472E00DB2F9B /* EpicSchoolHomeworkUITests.xctest */,
			);
			name = Products;
			sourceTree = "<group>";
		};
		C499F65227E4472D00DB2F9B /* EpicSchoolHomework */ = {
			isa = PBXGroup;
			children = (
				C499F65327E4472D00DB2F9B /* AppDelegate.swift */,
				C499F65527E4472D00DB2F9B /* SceneDelegate.swift */,
				C499F65727E4472D00DB2F9B /* ViewController.swift */,
				C499F65927E4472D00DB2F9B /* Main.storyboard */,
				C499F65C27E4472E00DB2F9B /* Assets.xcassets */,
				C499F65E27E4472E00DB2F9B /* LaunchScreen.storyboard */,
				C499F66127E4472E00DB2F9B /* Info.plist */,
			);
			path = EpicSchoolHomework;
			sourceTree = "<group>";
		};
		C499F66927E4472E00DB2F9B /* EpicSchoolHomeworkTests */ = {
			isa = PBXGroup;
			children = (
				C499F66A27E4472E00DB2F9B /* EpicSchoolHomeworkTests.swift */,
			);
			path = EpicSchoolHomeworkTests;
			sourceTree = "<group>";
		};
		C499F67327E4472E00DB2F9B /* EpicSchoolHomeworkUITests */ = {
			isa = PBXGroup;
			children = (
				C499F67427E4472E00DB2F9B /* EpicSchoolHomeworkUITests.swift */,
				C499F67627E4472E00DB2F9B /* EpicSchoolHomeworkUITestsLaunchTests.swift */,
			);
			path = EpicSchoolHomeworkUITests;
			sourceTree = "<group>";
		};
/* End PBXGroup section */

/* Begin PBXNativeTarget section */
		C499F64F27E4472D00DB2F9B /* EpicSchoolHomework */ = {
			isa = PBXNativeTarget;
			buildConfigurationList = C499F67A27E4472E00DB2F9B /* Build configuration list for PBXNativeTarget "EpicSchoolHomework" */;
			buildPhases = (
				C499F64C27E4472D00DB2F9B /* Sources */,
				C499F64D27E4472D00DB2F9B /* Frameworks */,
				C499F64E27E4472D00DB2F9B /* Resources */,
			);
			buildRules = (
			);
			dependencies = (
			);
			name = EpicSchoolHomework;
			productName = EpicSchoolHomework;
			productReference = C499F65027E4472D00DB2F9B /* EpicSchoolHomework.app */;
			productType = "com.apple.product-type.application";
		};
		C499F66527E4472E00DB2F9B /* EpicSchoolHomeworkTests */ = {
			isa = PBXNativeTarget;
			buildConfigurationList = C499F67D27E4472E00DB2F9B /* Build configuration list for PBXNativeTarget "EpicSchoolHomeworkTests" */;
			buildPhases = (
				C499F66227E4472E00DB2F9B /* Sources */,
				C499F66327E4472E00DB2F9B /* Frameworks */,
				C499F66427E4472E00DB2F9B /* Resources */,
			);
			buildRules = (
			);
			dependencies = (
				C499F66827E4472E00DB2F9B /* PBXTargetDependency */,
			);
			name = EpicSchoolHomeworkTests;
			productName = EpicSchoolHomeworkTests;
			productReference = C499F66627E4472E00DB2F9B /* EpicSchoolHomeworkTests.xctest */;
			productType = "com.apple.product-type.bundle.unit-test";
		};
		C499F66F27E4472E00DB2F9B /* EpicSchoolHomeworkUITests */ = {
			isa = PBXNativeTarget;
			buildConfigurationList = C499F68027E4472E00DB2F9B /* Build configuration list for PBXNativeTarget "EpicSchoolHomeworkUITests" */;
			buildPhases = (
				C499F66C27E4472E00DB2F9B /* Sources */,
				C499F66D27E4472E00DB2F9B /* Frameworks */,
				C499F66E27E4472E00DB2F9B /* Resources */,
			);
			buildRules = (
			);
			dependencies = (
				C499F67227E4472E00DB2F9B /* PBXTargetDependency */,
			);
			name = EpicSchoolHomeworkUITests;
			productName = EpicSchoolHomeworkUITests;
			productReference = C499F67027E4472E00DB2F9B /* EpicSchoolHomeworkUITests.xctest */;
			productType = "com.apple.product-type.bundle.ui-testing";
		};
/* End PBXNativeTarget section */

/* Begin PBXProject section */
		C499F64827E4472D00DB2F9B /* Project object */ = {
			isa = PBXProject;
			attributes = {
				BuildIndependentTargetsInParallel = 1;
				LastSwiftUpdateCheck = 1320;
				LastUpgradeCheck = 1320;
				TargetAttributes = {
					C499F64F27E4472D00DB2F9B = {
						CreatedOnToolsVersion = 13.2.1;
					};
					C499F66527E4472E00DB2F9B = {
						CreatedOnToolsVersion = 13.2.1;
						TestTargetID = C499F64F27E4472D00DB2F9B;
					};
					C499F66F27E4472E00DB2F9B = {
						CreatedOnToolsVersion = 13.2.1;
						TestTargetID = C499F64F27E4472D00DB2F9B;
					};
				};
			};
			buildConfigurationList = C499F64B27E4472D00DB2F9B /* Build configuration list for PBXProject "EpicSchoolHomework" */;
			compatibilityVersion = "Xcode 13.0";
			developmentRegion = en;
			hasScannedForEncodings = 0;
			knownRegions = (
				en,
				Base,
			);
			mainGroup = C499F64727E4472D00DB2F9B;
			productRefGroup = C499F65127E4472D00DB2F9B /* Products */;
			projectDirPath = "";
			projectRoot = "";
			targets = (
				C499F64F27E4472D00DB2F9B /* EpicSchoolHomework */,
				C499F66527E4472E00DB2F9B /* EpicSchoolHomeworkTests */,
				C499F66F27E4472E00DB2F9B /* EpicSchoolHomeworkUITests */,
			);
		};
/* End PBXProject section */

/* Begin PBXResourcesBuildPhase section */
		C499F64E27E4472D00DB2F9B /* Resources */ = {
			isa = PBXResourcesBuildPhase;
			buildActionMask = 2147483647;
			files = (
				C499F66027E4472E00DB2F9B /* LaunchScreen.storyboard in Resources */,
				C499F65D27E4472E00DB2F9B /* Assets.xcassets in Resources */,
				C499F65B27E4472D00DB2F9B /* Main.storyboard in Resources */,
			);
			runOnlyForDeploymentPostprocessing = 0;
		};
		C499F66427E4472E00DB2F9B /* Resources */ = {
			isa = PBXResourcesBuildPhase;
			buildActionMask = 2147483647;
			files = (
			);
			runOnlyForDeploymentPostprocessing = 0;
		};
		C499F66E27E4472E00DB2F9B /* Resources */ = {
			isa = PBXResourcesBuildPhase;
			buildActionMask = 2147483647;
			files = (
			);
			runOnlyForDeploymentPostprocessing = 0;
		};
/* End PBXResourcesBuildPhase section */

/* Begin PBXSourcesBuildPhase section */
		C499F64C27E4472D00DB2F9B /* Sources */ = {
			isa = PBXSourcesBuildPhase;
			buildActionMask = 2147483647;
			files = (
				C499F65827E4472D00DB2F9B /* ViewController.swift in Sources */,
				C499F65427E4472D00DB2F9B /* AppDelegate.swift in Sources */,
				C499F65627E4472D00DB2F9B /* SceneDelegate.swift in Sources */,
			);
			runOnlyForDeploymentPostprocessing = 0;
		};
		C499F66227E4472E00DB2F9B /* Sources */ = {
			isa = PBXSourcesBuildPhase;
			buildActionMask = 2147483647;
			files = (
				C499F66B27E4472E00DB2F9B /* EpicSchoolHomeworkTests.swift in Sources */,
			);
			runOnlyForDeploymentPostprocessing = 0;
		};
		C499F66C27E4472E00DB2F9B /* Sources */ = {
			isa = PBXSourcesBuildPhase;
			buildActionMask = 2147483647;
			files = (
				C499F67527E4472E00DB2F9B /* EpicSchoolHomeworkUITests.swift in Sources */,
				C499F67727E4472E00DB2F9B /* EpicSchoolHomeworkUITestsLaunchTests.swift in Sources */,
			);
			runOnlyForDeploymentPostprocessing = 0;
		};
/* End PBXSourcesBuildPhase section */

/* Begin PBXTargetDependency section */
		C499F66827E4472E00DB2F9B /* PBXTargetDependency */ = {
			isa = PBXTargetDependency;
			target = C499F64F27E4472D00DB2F9B /* EpicSchoolHomework */;
			targetProxy = C499F66727E4472E00DB2F9B /* PBXContainerItemProxy */;
		};
		C499F67227E4472E00DB2F9B /* PBXTargetDependency */ = {
			isa = PBXTargetDependency;
			target = C499F64F27E4472D00DB2F9B /* EpicSchoolHomework */;
			targetProxy = C499F67127E4472E00DB2F9B /* PBXContainerItemProxy */;
		};
/* End PBXTargetDependency section */

/* Begin PBXVariantGroup section */
		C499F65927E4472D00DB2F9B /* Main.storyboard */ = {
			isa = PBXVariantGroup;
			children = (
				C499F65A27E4472D00DB2F9B /* Base */,
			);
			name = Main.storyboard;
			sourceTree = "<group>";
		};
		C499F65E27E4472E00DB2F9B /* LaunchScreen.storyboard */ = {
			isa = PBXVariantGroup;
			children = (
				C499F65F27E4472E00DB2F9B /* Base */,
			);
			name = LaunchScreen.storyboard;
			sourceTree = "<group>";
		};
/* End PBXVariantGroup section */

/* Begin XCBuildConfiguration section */
		C499F67827E4472E00DB2F9B /* Debug */ = {
			isa = XCBuildConfiguration;
			buildSettings = {
				ALWAYS_SEARCH_USER_PATHS = NO;
				CLANG_ANALYZER_NONNULL = YES;
				CLANG_ANALYZER_NUMBER_OBJECT_CONVERSION = YES_AGGRESSIVE;
				CLANG_CXX_LANGUAGE_STANDARD = "gnu++17";
				CLANG_CXX_LIBRARY = "libc++";
				CLANG_ENABLE_MODULES = YES;
				CLANG_ENABLE_OBJC_ARC = YES;
				CLANG_ENABLE_OBJC_WEAK = YES;
				CLANG_WARN_BLOCK_CAPTURE_AUTORELEASING = YES;
				CLANG_WARN_BOOL_CONVERSION = YES;
				CLANG_WARN_COMMA = YES;
				CLANG_WARN_CONSTANT_CONVERSION = YES;
				CLANG_WARN_DEPRECATED_OBJC_IMPLEMENTATIONS = YES;
				CLANG_WARN_DIRECT_OBJC_ISA_USAGE = YES_ERROR;
				CLANG_WARN_DOCUMENTATION_COMMENTS = YES;
				CLANG_WARN_EMPTY_BODY = YES;
				CLANG_WARN_ENUM_CONVERSION = YES;
				CLANG_WARN_INFINITE_RECURSION = YES;
				CLANG_WARN_INT_CONVERSION = YES;
				CLANG_WARN_NON_LITERAL_NULL_CONVERSION = YES;
				CLANG_WARN_OBJC_IMPLICIT_RETAIN_SELF = YES;
				CLANG_WARN_OBJC_LITERAL_CONVERSION = YES;
				CLANG_WARN_OBJC_ROOT_CLASS = YES_ERROR;
				CLANG_WARN_QUOTED_INCLUDE_IN_FRAMEWORK_HEADER = YES;
				CLANG_WARN_RANGE_LOOP_ANALYSIS = YES;
				CLANG_WARN_STRICT_PROTOTYPES = YES;
				CLANG_WARN_SUSPICIOUS_MOVE = YES;
				CLANG_WARN_UNGUARDED_AVAILABILITY = YES_AGGRESSIVE;
				CLANG_WARN_UNREACHABLE_CODE = YES;
				CLANG_WARN__DUPLICATE_METHOD_MATCH = YES;
				COPY_PHASE_STRIP = NO;
				DEBUG_INFORMATION_FORMAT = dwarf;
				ENABLE_STRICT_OBJC_MSGSEND = YES;
				ENABLE_TESTABILITY = YES;
				GCC_C_LANGUAGE_STANDARD = gnu11;
				GCC_DYNAMIC_NO_PIC = NO;
				GCC_NO_COMMON_BLOCKS = YES;
				GCC_OPTIMIZATION_LEVEL = 0;
				GCC_PREPROCESSOR_DEFINITIONS = (
					"DEBUG=1",
					"$(inherited)",
				);
				GCC_WARN_64_TO_32_BIT_CONVERSION = YES;
				GCC_WARN_ABOUT_RETURN_TYPE = YES_ERROR;
				GCC_WARN_UNDECLARED_SELECTOR = YES;
				GCC_WARN_UNINITIALIZED_AUTOS = YES_AGGRESSIVE;
				GCC_WARN_UNUSED_FUNCTION = YES;
				GCC_WARN_UNUSED_VARIABLE = YES;
				IPHONEOS_DEPLOYMENT_TARGET = 15.2;
				MTL_ENABLE_DEBUG_INFO = INCLUDE_SOURCE;
				MTL_FAST_MATH = YES;
				ONLY_ACTIVE_ARCH = YES;
				SDKROOT = iphoneos;
				SWIFT_ACTIVE_COMPILATION_CONDITIONS = DEBUG;
				SWIFT_OPTIMIZATION_LEVEL = "-Onone";
			};
			name = Debug;
		};
		C499F67927E4472E00DB2F9B /* Release */ = {
			isa = XCBuildConfiguration;
			buildSettings = {
				ALWAYS_SEARCH_USER_PATHS = NO;
				CLANG_ANALYZER_NONNULL = YES;
				CLANG_ANALYZER_NUMBER_OBJECT_CONVERSION = YES_AGGRESSIVE;
				CLANG_CXX_LANGUAGE_STANDARD = "gnu++17";
				CLANG_CXX_LIBRARY = "libc++";
				CLANG_ENABLE_MODULES = YES;
				CLANG_ENABLE_OBJC_ARC = YES;
				CLANG_ENABLE_OBJC_WEAK = YES;
				CLANG_WARN_BLOCK_CAPTURE_AUTORELEASING = YES;
				CLANG_WARN_BOOL_CONVERSION = YES;
				CLANG_WARN_COMMA = YES;
				CLANG_WARN_CONSTANT_CONVERSION = YES;
				CLANG_WARN_DEPRECATED_OBJC_IMPLEMENTATIONS = YES;
				CLANG_WARN_DIRECT_OBJC_ISA_USAGE = YES_ERROR;
				CLANG_WARN_DOCUMENTATION_COMMENTS = YES;
				CLANG_WARN_EMPTY_BODY = YES;
				CLANG_WARN_ENUM_CONVERSION = YES;
				CLANG_WARN_INFINITE_RECURSION = YES;
				CLANG_WARN_INT_CONVERSION = YES;
				CLANG_WARN_NON_LITERAL_NULL_CONVERSION = YES;
				CLANG_WARN_OBJC_IMPLICIT_RETAIN_SELF = YES;
				CLANG_WARN_OBJC_LITERAL_CONVERSION = YES;
				CLANG_WARN_OBJC_ROOT_CLASS = YES_ERROR;
				CLANG_WARN_QUOTED_INCLUDE_IN_FRAMEWORK_HEADER = YES;
				CLANG_WARN_RANGE_LOOP_ANALYSIS = YES;
				CLANG_WARN_STRICT_PROTOTYPES = YES;
				CLANG_WARN_SUSPICIOUS_MOVE = YES;
				CLANG_WARN_UNGUARDED_AVAILABILITY = YES_AGGRESSIVE;
				CLANG_WARN_UNREACHABLE_CODE = YES;
				CLANG_WARN__DUPLICATE_METHOD_MATCH = YES;
				COPY_PHASE_STRIP = NO;
				DEBUG_INFORMATION_FORMAT = "dwarf-with-dsym";
				ENABLE_NS_ASSERTIONS = NO;
				ENABLE_STRICT_OBJC_MSGSEND = YES;
				GCC_C_LANGUAGE_STANDARD = gnu11;
				GCC_NO_COMMON_BLOCKS = YES;
				GCC_WARN_64_TO_32_BIT_CONVERSION = YES;
				GCC_WARN_ABOUT_RETURN_TYPE = YES_ERROR;
				GCC_WARN_UNDECLARED_SELECTOR = YES;
				GCC_WARN_UNINITIALIZED_AUTOS = YES_AGGRESSIVE;
				GCC_WARN_UNUSED_FUNCTION = YES;
				GCC_WARN_UNUSED_VARIABLE = YES;
				IPHONEOS_DEPLOYMENT_TARGET = 15.2;
				MTL_ENABLE_DEBUG_INFO = NO;
				MTL_FAST_MATH = YES;
				SDKROOT = iphoneos;
				SWIFT_COMPILATION_MODE = wholemodule;
				SWIFT_OPTIMIZATION_LEVEL = "-O";
				VALIDATE_PRODUCT = YES;
			};
			name = Release;
		};
		C499F67B27E4472E00DB2F9B /* Debug */ = {
			isa = XCBuildConfiguration;
			buildSettings = {
				ASSETCATALOG_COMPILER_APPICON_NAME = AppIcon;
				ASSETCATALOG_COMPILER_GLOBAL_ACCENT_COLOR_NAME = AccentColor;
				CODE_SIGN_STYLE = Automatic;
				CURRENT_PROJECT_VERSION = 1;
				DEVELOPMENT_TEAM = 2X2VGHTNU5;
				GENERATE_INFOPLIST_FILE = YES;
				INFOPLIST_FILE = EpicSchoolHomework/Info.plist;
				INFOPLIST_KEY_UIApplicationSupportsIndirectInputEvents = YES;
				INFOPLIST_KEY_UILaunchStoryboardName = LaunchScreen;
				INFOPLIST_KEY_UIMainStoryboardFile = Main;
				INFOPLIST_KEY_UISupportedInterfaceOrientations_iPad = "UIInterfaceOrientationPortrait UIInterfaceOrientationPortraitUpsideDown UIInterfaceOrientationLandscapeLeft UIInterfaceOrientationLandscapeRight";
				INFOPLIST_KEY_UISupportedInterfaceOrientations_iPhone = "UIInterfaceOrientationPortrait UIInterfaceOrientationLandscapeLeft UIInterfaceOrientationLandscapeRight";
				LD_RUNPATH_SEARCH_PATHS = (
					"$(inherited)",
					"@executable_path/Frameworks",
				);
				MARKETING_VERSION = 1.0;
				PRODUCT_BUNDLE_IDENTIFIER = ru.flat112.EpicSchoolHomework;
				PRODUCT_NAME = "$(TARGET_NAME)";
				SWIFT_EMIT_LOC_STRINGS = YES;
				SWIFT_VERSION = 5.0;
				TARGETED_DEVICE_FAMILY = "1,2";
			};
			name = Debug;
		};
		C499F67C27E4472E00DB2F9B /* Release */ = {
			isa = XCBuildConfiguration;
			buildSettings = {
				ASSETCATALOG_COMPILER_APPICON_NAME = AppIcon;
				ASSETCATALOG_COMPILER_GLOBAL_ACCENT_COLOR_NAME = AccentColor;
				CODE_SIGN_STYLE = Automatic;
				CURRENT_PROJECT_VERSION = 1;
				DEVELOPMENT_TEAM = 2X2VGHTNU5;
				GENERATE_INFOPLIST_FILE = YES;
				INFOPLIST_FILE = EpicSchoolHomework/Info.plist;
				INFOPLIST_KEY_UIApplicationSupportsIndirectInputEvents = YES;
				INFOPLIST_KEY_UILaunchStoryboardName = LaunchScreen;
				INFOPLIST_KEY_UIMainStoryboardFile = Main;
				INFOPLIST_KEY_UISupportedInterfaceOrientations_iPad = "UIInterfaceOrientationPortrait UIInterfaceOrientationPortraitUpsideDown UIInterfaceOrientationLandscapeLeft UIInterfaceOrientationLandscapeRight";
				INFOPLIST_KEY_UISupportedInterfaceOrientations_iPhone = "UIInterfaceOrientationPortrait UIInterfaceOrientationLandscapeLeft UIInterfaceOrientationLandscapeRight";
				LD_RUNPATH_SEARCH_PATHS = (
					"$(inherited)",
					"@executable_path/Frameworks",
				);
				MARKETING_VERSION = 1.0;
				PRODUCT_BUNDLE_IDENTIFIER = ru.flat112.EpicSchoolHomework;
				PRODUCT_NAME = "$(TARGET_NAME)";
				SWIFT_EMIT_LOC_STRINGS = YES;
				SWIFT_VERSION = 5.0;
				TARGETED_DEVICE_FAMILY = "1,2";
			};
			name = Release;
		};
		C499F67E27E4472E00DB2F9B /* Debug */ = {
			isa = XCBuildConfiguration;
			buildSettings = {
				ALWAYS_EMBED_SWIFT_STANDARD_LIBRARIES = YES;
				BUNDLE_LOADER = "$(TEST_HOST)";
				CODE_SIGN_STYLE = Automatic;
				CURRENT_PROJECT_VERSION = 1;
				DEVELOPMENT_TEAM = 2X2VGHTNU5;
				GENERATE_INFOPLIST_FILE = YES;
				IPHONEOS_DEPLOYMENT_TARGET = 15.2;
				MARKETING_VERSION = 1.0;
				PRODUCT_BUNDLE_IDENTIFIER = ru.flat112.EpicSchoolHomeworkTests;
				PRODUCT_NAME = "$(TARGET_NAME)";
				SWIFT_EMIT_LOC_STRINGS = NO;
				SWIFT_VERSION = 5.0;
				TARGETED_DEVICE_FAMILY = "1,2";
				TEST_HOST = "$(BUILT_PRODUCTS_DIR)/EpicSchoolHomework.app/EpicSchoolHomework";
			};
			name = Debug;
		};
		C499F67F27E4472E00DB2F9B /* Release */ = {
			isa = XCBuildConfiguration;
			buildSettings = {
				ALWAYS_EMBED_SWIFT_STANDARD_LIBRARIES = YES;
				BUNDLE_LOADER = "$(TEST_HOST)";
				CODE_SIGN_STYLE = Automatic;
				CURRENT_PROJECT_VERSION = 1;
				DEVELOPMENT_TEAM = 2X2VGHTNU5;
				GENERATE_INFOPLIST_FILE = YES;
				IPHONEOS_DEPLOYMENT_TARGET = 15.2;
				MARKETING_VERSION = 1.0;
				PRODUCT_BUNDLE_IDENTIFIER = ru.flat112.EpicSchoolHomeworkTests;
				PRODUCT_NAME = "$(TARGET_NAME)";
				SWIFT_EMIT_LOC_STRINGS = NO;
				SWIFT_VERSION = 5.0;
				TARGETED_DEVICE_FAMILY = "1,2";
				TEST_HOST = "$(BUILT_PRODUCTS_DIR)/EpicSchoolHomework.app/EpicSchoolHomework";
			};
			name = Release;
		};
		C499F68127E4472E00DB2F9B /* Debug */ = {
			isa = XCBuildConfiguration;
			buildSettings = {
				ALWAYS_EMBED_SWIFT_STANDARD_LIBRARIES = YES;
				CODE_SIGN_STYLE = Automatic;
				CURRENT_PROJECT_VERSION = 1;
				DEVELOPMENT_TEAM = 2X2VGHTNU5;
				GENERATE_INFOPLIST_FILE = YES;
				MARKETING_VERSION = 1.0;
				PRODUCT_BUNDLE_IDENTIFIER = ru.flat112.EpicSchoolHomeworkUITests;
				PRODUCT_NAME = "$(TARGET_NAME)";
				SWIFT_EMIT_LOC_STRINGS = NO;
				SWIFT_VERSION = 5.0;
				TARGETED_DEVICE_FAMILY = "1,2";
				TEST_TARGET_NAME = EpicSchoolHomework;
			};
			name = Debug;
		};
		C499F68227E4472E00DB2F9B /* Release */ = {
			isa = XCBuildConfiguration;
			buildSettings = {
				ALWAYS_EMBED_SWIFT_STANDARD_LIBRARIES = YES;
				CODE_SIGN_STYLE = Automatic;
				CURRENT_PROJECT_VERSION = 1;
				DEVELOPMENT_TEAM = 2X2VGHTNU5;
				GENERATE_INFOPLIST_FILE = YES;
				MARKETING_VERSION = 1.0;
				PRODUCT_BUNDLE_IDENTIFIER = ru.flat112.EpicSchoolHomeworkUITests;
				PRODUCT_NAME = "$(TARGET_NAME)";
				SWIFT_EMIT_LOC_STRINGS = NO;
				SWIFT_VERSION = 5.0;
				TARGETED_DEVICE_FAMILY = "1,2";
				TEST_TARGET_NAME = EpicSchoolHomework;
			};
			name = Release;
		};
/* End XCBuildConfiguration section */

/* Begin XCConfigurationList section */
		C499F64B27E4472D00DB2F9B /* Build configuration list for PBXProject "EpicSchoolHomework" */ = {
			isa = XCConfigurationList;
			buildConfigurations = (
				C499F67827E4472E00DB2F9B /* Debug */,
				C499F67927E4472E00DB2F9B /* Release */,
			);
			defaultConfigurationIsVisible = 0;
			defaultConfigurationName = Release;
		};
		C499F67A27E4472E00DB2F9B /* Build configuration list for PBXNativeTarget "EpicSchoolHomework" */ = {
			isa = XCConfigurationList;
			buildConfigurations = (
				C499F67B27E4472E00DB2F9B /* Debug */,
				C499F67C27E4472E00DB2F9B /* Release */,
			);
			defaultConfigurationIsVisible = 0;
			defaultConfigurationName = Release;
		};
		C499F67D27E4472E00DB2F9B /* Build configuration list for PBXNativeTarget "EpicSchoolHomeworkTests" */ = {
			isa = XCConfigurationList;
			buildConfigurations = (
				C499F67E27E4472E00DB2F9B /* Debug */,
				C499F67F27E4472E00DB2F9B /* Release */,
			);
			defaultConfigurationIsVisible = 0;
			defaultConfigurationName = Release;
		};
		C499F68027E4472E00DB2F9B /* Build configuration list for PBXNativeTarget "EpicSchoolHomeworkUITests" */ = {
			isa = XCConfigurationList;
			buildConfigurations = (
				C499F68127E4472E00DB2F9B /* Debug */,
				C499F68227E4472E00DB2F9B /* Release */,
			);
			defaultConfigurationIsVisible = 0;
			defaultConfigurationName = Release;
		};
/* End XCConfigurationList section */
	};
	rootObject = C499F64827E4472D00DB2F9B /* Project object */;
}
